
Microsoft Visual Studio Solution File, Format Version 12.00
# Visual Studio Version 17
VisualStudioVersion = 17.9.34607.119
MinimumVisualStudioVersion = 10.0.40219.1
Project("{8BC9CEB8-8B4A-11D0-8D11-00A0C91BC942}") = "Pemdas21Mei2024", "Pemdas21Mei2024\Pemdas21Mei2024.vcxproj", "{576D4588-209F-4CB0-87A8-2D24D40AAAAC}"
EndProject
Project("{8BC9CEB8-8B4A-11D0-8D11-00A0C91BC942}") = "Compotition", "Compotition\Compotition.vcxproj", "{474A1F1B-6A96-49C5-997B-B1A6AD67D561}"
EndProject
Project("{8BC9CEB8-8B4A-11D0-8D11-00A0C91BC942}") = "Agregation", "Agregation\Agregation.vcxproj", "{1327E0C6-2E61-4EF5-A9EB-A71E0F3A2C6C}"
EndProject
Project("{8BC9CEB8-8B4A-11D0-8D11-00A0C91BC942}") = "Association", "Asosiation\Asosiation.vcxproj", "{44EBF9FF-D8D5-4ED4-A883-075E9ED5F8C7}"
EndProject
Project("{8BC9CEB8-8B4A-11D0-8D11-00A0C91BC942}") = "Inheritance", "Inheritance\Inheritance.vcxproj", "{5EA3556E-B383-4D61-B781-63B01CB0F52A}"
EndProject
Global
	GlobalSection(SolutionConfigurationPlatforms) = preSolution
		Debug|x64 = Debug|x64
		Debug|x86 = Debug|x86
		Release|x64 = Release|x64
		Release|x86 = Release|x86
	EndGlobalSection
	GlobalSection(ProjectConfigurationPlatforms) = postSolution
		{576D4588-209F-4CB0-87A8-2D24D40AAAAC}.Debug|x64.ActiveCfg = Debug|x64
		{576D4588-209F-4CB0-87A8-2D24D40AAAAC}.Debug|x64.Build.0 = Debug|x64
		{576D4588-209F-4CB0-87A8-2D24D40AAAAC}.Debug|x86.ActiveCfg = Debug|Win32
		{576D4588-209F-4CB0-87A8-2D24D40AAAAC}.Debug|x86.Build.0 = Debug|Win32
		{576D4588-209F-4CB0-87A8-2D24D40AAAAC}.Release|x64.ActiveCfg = Release|x64
		{576D4588-209F-4CB0-87A8-2D24D40AAAAC}.Release|x64.Build.0 = Release|x64
		{576D4588-209F-4CB0-87A8-2D24D40AAAAC}.Release|x86.ActiveCfg = Release|Win32
		{576D4588-209F-4CB0-87A8-2D24D40AAAAC}.Release|x86.Build.0 = Release|Win32
		{474A1F1B-6A96-49C5-997B-B1A6AD67D561}.Debug|x64.ActiveCfg = Debug|x64
		{474A1F1B-6A96-49C5-997B-B1A6AD67D561}.Debug|x64.Build.0 = Debug|x64
		{474A1F1B-6A96-49C5-997B-B1A6AD67D561}.Debug|x86.ActiveCfg = Debug|Win32
		{474A1F1B-6A96-49C5-997B-B1A6AD67D561}.Debug|x86.Build.0 = Debug|Win32
		{474A1F1B-6A96-49C5-997B-B1A6AD67D561}.Release|x64.ActiveCfg = Release|x64
		{474A1F1B-6A96-49C5-997B-B1A6AD67D561}.Release|x64.Build.0 = Release|x64
		{474A1F1B-6A96-49C5-997B-B1A6AD67D561}.Release|x86.ActiveCfg = Release|Win32
		{474A1F1B-6A96-49C5-997B-B1A6AD67D561}.Release|x86.Build.0 = Release|Win32
		{1327E0C6-2E61-4EF5-A9EB-A71E0F3A2C6C}.Debug|x64.ActiveCfg = Debug|x64
		{1327E0C6-2E61-4EF5-A9EB-A71E0F3A2C6C}.Debug|x64.Build.0 = Debug|x64
		{1327E0C6-2E61-4EF5-A9EB-A71E0F3A2C6C}.Debug|x86.ActiveCfg = Debug|Win32
		{1327E0C6-2E61-4EF5-A9EB-A71E0F3A2C6C}.Debug|x86.Build.0 = Debug|Win32
		{1327E0C6-2E61-4EF5-A9EB-A71E0F3A2C6C}.Release|x64.ActiveCfg = Release|x64
		{1327E0C6-2E61-4EF5-A9EB-A71E0F3A2C6C}.Release|x64.Build.0 = Release|x64
		{1327E0C6-2E61-4EF5-A9EB-A71E0F3A2C6C}.Release|x86.ActiveCfg = Release|Win32
		{1327E0C6-2E61-4EF5-A9EB-A71E0F3A2C6C}.Release|x86.Build.0 = Release|Win32
		{44EBF9FF-D8D5-4ED4-A883-075E9ED5F8C7}.Debug|x64.ActiveCfg = Debug|x64
		{44EBF9FF-D8D5-4ED4-A883-075E9ED5F8C7}.Debug|x64.Build.0 = Debug|x64
		{44EBF9FF-D8D5-4ED4-A883-075E9ED5F8C7}.Debug|x86.ActiveCfg = Debug|Win32
		{44EBF9FF-D8D5-4ED4-A883-075E9ED5F8C7}.Debug|x86.Build.0 = Debug|Win32
		{44EBF9FF-D8D5-4ED4-A883-075E9ED5F8C7}.Release|x64.ActiveCfg = Release|x64
		{44EBF9FF-D8D5-4ED4-A883-075E9ED5F8C7}.Release|x64.Build.0 = Release|x64
		{44EBF9FF-D8D5-4ED4-A883-075E9ED5F8C7}.Release|x86.ActiveCfg = Release|Win32
		{44EBF9FF-D8D5-4ED4-A883-075E9ED5F8C7}.Release|x86.Build.0 = Release|Win32
		{5EA3556E-B383-4D61-B781-63B01CB0F52A}.Debug|x64.ActiveCfg = Debug|x64
		{5EA3556E-B383-4D61-B781-63B01CB0F52A}.Debug|x64.Build.0 = Debug|x64
		{5EA3556E-B383-4D61-B781-63B01CB0F52A}.Debug|x86.ActiveCfg = Debug|Win32
		{5EA3556E-B383-4D61-B781-63B01CB0F52A}.Debug|x86.Build.0 = Debug|Win32
		{5EA3556E-B383-4D61-B781-63B01CB0F52A}.Release|x64.ActiveCfg = Release|x64
		{5EA3556E-B383-4D61-B781-63B01CB0F52A}.Release|x64.Build.0 = Release|x64
		{5EA3556E-B383-4D61-B781-63B01CB0F52A}.Release|x86.ActiveCfg = Release|Win32
		{5EA3556E-B383-4D61-B781-63B01CB0F52A}.Release|x86.Build.0 = Release|Win32
	EndGlobalSection
	GlobalSection(SolutionProperties) = preSolution
		HideSolutionNode = FALSE
	EndGlobalSection
	GlobalSection(ExtensibilityGlobals) = postSolution
		SolutionGuid = {109866CB-3CA8-4EA9-AF2D-776955642145}
	EndGlobalSection
EndGlobal
